// !$*UTF8*$!
{
	archiveVersion = 1;
	classes = {
	};
	objectVersion = 46;
	objects = {

/* Begin PBXBuildFile section */
		3120B3941C137FF60075D5B8 /* AppDelegate.swift in Sources */ = {isa = PBXBuildFile; fileRef = 3120B3931C137FF60075D5B8 /* AppDelegate.swift */; };
		3120B3961C137FF60075D5B8 /* FirstViewController.swift in Sources */ = {isa = PBXBuildFile; fileRef = 3120B3951C137FF60075D5B8 /* FirstViewController.swift */; };
		3120B3981C137FF60075D5B8 /* SecondViewController.swift in Sources */ = {isa = PBXBuildFile; fileRef = 3120B3971C137FF60075D5B8 /* SecondViewController.swift */; };
		3120B39B1C137FF60075D5B8 /* Main.storyboard in Resources */ = {isa = PBXBuildFile; fileRef = 3120B3991C137FF60075D5B8 /* Main.storyboard */; };
		3120B39D1C137FF60075D5B8 /* Images.xcassets in Resources */ = {isa = PBXBuildFile; fileRef = 3120B39C1C137FF60075D5B8 /* Images.xcassets */; };
		3120B3A01C137FF60075D5B8 /* LaunchScreen.xib in Resources */ = {isa = PBXBuildFile; fileRef = 3120B39E1C137FF60075D5B8 /* LaunchScreen.xib */; };
		3120B3AC1C137FF60075D5B8 /* blueprintTests.swift in Sources */ = {isa = PBXBuildFile; fileRef = 3120B3AB1C137FF60075D5B8 /* blueprintTests.swift */; };
/* End PBXBuildFile section */

/* Begin PBXContainerItemProxy section */
		3120B3A61C137FF60075D5B8 /* PBXContainerItemProxy */ = {
			isa = PBXContainerItemProxy;
			containerPortal = 3120B3861C137FF60075D5B8 /* Project object */;
			proxyType = 1;
			remoteGlobalIDString = 3120B38D1C137FF60075D5B8;
			remoteInfo = blueprint;
		};
/* End PBXContainerItemProxy section */

/* Begin PBXFileReference section */
		3120B38E1C137FF60075D5B8 /* blueprint.app */ = {isa = PBXFileReference; explicitFileType = wrapper.application; includeInIndex = 0; path = blueprint.app; sourceTree = BUILT_PRODUCTS_DIR; };
		3120B3921C137FF60075D5B8 /* Info.plist */ = {isa = PBXFileReference; lastKnownFileType = text.plist.xml; path = Info.plist; sourceTree = "<group>"; };
		3120B3931C137FF60075D5B8 /* AppDelegate.swift */ = {isa = PBXFileReference; lastKnownFileType = sourcecode.swift; path = AppDelegate.swift; sourceTree = "<group>"; };
		3120B3951C137FF60075D5B8 /* FirstViewController.swift */ = {isa = PBXFileReference; lastKnownFileType = sourcecode.swift; path = FirstViewController.swift; sourceTree = "<group>"; };
		3120B3971C137FF60075D5B8 /* SecondViewController.swift */ = {isa = PBXFileReference; lastKnownFileType = sourcecode.swift; path = SecondViewController.swift; sourceTree = "<group>"; };
		3120B39A1C137FF60075D5B8 /* Base */ = {isa = PBXFileReference; lastKnownFileType = file.storyboard; name = Base; path = Base.lproj/Main.storyboard; sourceTree = "<group>"; };
		3120B39C1C137FF60075D5B8 /* Images.xcassets */ = {isa = PBXFileReference; lastKnownFileType = folder.assetcatalog; path = Images.xcassets; sourceTree = "<group>"; };
		3120B39F1C137FF60075D5B8 /* Base */ = {isa = PBXFileReference; lastKnownFileType = file.xib; name = Base; path = Base.lproj/LaunchScreen.xib; sourceTree = "<group>"; };
		3120B3A51C137FF60075D5B8 /* blueprintTests.xctest */ = {isa = PBXFileReference; explicitFileType = wrapper.cfbundle; includeInIndex = 0; path = blueprintTests.xctest; sourceTree = BUILT_PRODUCTS_DIR; };
		3120B3AA1C137FF60075D5B8 /* Info.plist */ = {isa = PBXFileReference; lastKnownFileType = text.plist.xml; path = Info.plist; sourceTree = "<group>"; };
		3120B3AB1C137FF60075D5B8 /* blueprintTests.swift */ = {isa = PBXFileReference; lastKnownFileType = sourcecode.swift; path = blueprintTests.swift; sourceTree = "<group>"; };
/* End PBXFileReference section */

/* Begin PBXFrameworksBuildPhase section */
		3120B38B1C137FF60075D5B8 /* Frameworks */ = {
			isa = PBXFrameworksBuildPhase;
			buildActionMask = 2147483647;
			files = (
			);
			runOnlyForDeploymentPostprocessing = 0;
		};
		3120B3A21C137FF60075D5B8 /* Frameworks */ = {
			isa = PBXFrameworksBuildPhase;
			buildActionMask = 2147483647;
			files = (
			);
			runOnlyForDeploymentPostprocessing = 0;
		};
/* End PBXFrameworksBuildPhase section */

/* Begin PBXGroup section */
		3120B3851C137FF60075D5B8 = {
			isa = PBXGroup;
			children = (
				3120B3901C137FF60075D5B8 /* blueprint */,
				3120B3A81C137FF60075D5B8 /* blueprintTests */,
				3120B38F1C137FF60075D5B8 /* Products */,
			);
			sourceTree = "<group>";
		};
		3120B38F1C137FF60075D5B8 /* Products */ = {
			isa = PBXGroup;
			children = (
				3120B38E1C137FF60075D5B8 /* blueprint.app */,
				3120B3A51C137FF60075D5B8 /* blueprintTests.xctest */,
			);
			name = Products;
			sourceTree = "<group>";
		};
		3120B3901C137FF60075D5B8 /* blueprint */ = {
			isa = PBXGroup;
			children = (
				3120B3931C137FF60075D5B8 /* AppDelegate.swift */,
				3120B3951C137FF60075D5B8 /* FirstViewController.swift */,
				3120B3971C137FF60075D5B8 /* SecondViewController.swift */,
				3120B3991C137FF60075D5B8 /* Main.storyboard */,
				3120B39C1C137FF60075D5B8 /* Images.xcassets */,
				3120B39E1C137FF60075D5B8 /* LaunchScreen.xib */,
				3120B3911C137FF60075D5B8 /* Supporting Files */,
			);
			path = blueprint;
			sourceTree = "<group>";
		};
		3120B3911C137FF60075D5B8 /* Supporting Files */ = {
			isa = PBXGroup;
			children = (
				3120B3921C137FF60075D5B8 /* Info.plist */,
			);
			name = "Supporting Files";
			sourceTree = "<group>";
		};
		3120B3A81C137FF60075D5B8 /* blueprintTests */ = {
			isa = PBXGroup;
			children = (
				3120B3AB1C137FF60075D5B8 /* blueprintTests.swift */,
				3120B3A91C137FF60075D5B8 /* Supporting Files */,
			);
			path = blueprintTests;
			sourceTree = "<group>";
		};
		3120B3A91C137FF60075D5B8 /* Supporting Files */ = {
			isa = PBXGroup;
			children = (
				3120B3AA1C137FF60075D5B8 /* Info.plist */,
			);
			name = "Supporting Files";
			sourceTree = "<group>";
		};
/* End PBXGroup section */

/* Begin PBXNativeTarget section */
		3120B38D1C137FF60075D5B8 /* blueprint */ = {
			isa = PBXNativeTarget;
			buildConfigurationList = 3120B3AF1C137FF60075D5B8 /* Build configuration list for PBXNativeTarget "blueprint" */;
			buildPhases = (
				3120B38A1C137FF60075D5B8 /* Sources */,
				3120B38B1C137FF60075D5B8 /* Frameworks */,
				3120B38C1C137FF60075D5B8 /* Resources */,
			);
			buildRules = (
			);
			dependencies = (
			);
			name = blueprint;
			productName = blueprint;
			productReference = 3120B38E1C137FF60075D5B8 /* blueprint.app */;
			productType = "com.apple.product-type.application";
		};
		3120B3A41C137FF60075D5B8 /* blueprintTests */ = {
			isa = PBXNativeTarget;
			buildConfigurationList = 3120B3B21C137FF60075D5B8 /* Build configuration list for PBXNativeTarget "blueprintTests" */;
			buildPhases = (
				3120B3A11C137FF60075D5B8 /* Sources */,
				3120B3A21C137FF60075D5B8 /* Frameworks */,
				3120B3A31C137FF60075D5B8 /* Resources */,
			);
			buildRules = (
			);
			dependencies = (
				3120B3A71C137FF60075D5B8 /* PBXTargetDependency */,
			);
			name = blueprintTests;
			productName = blueprintTests;
			productReference = 3120B3A51C137FF60075D5B8 /* blueprintTests.xctest */;
			productType = "com.apple.product-type.bundle.unit-test";
		};
/* End PBXNativeTarget section */

/* Begin PBXProject section */
		3120B3861C137FF60075D5B8 /* Project object */ = {
			isa = PBXProject;
			attributes = {
				LastUpgradeCheck = 0640;
				ORGANIZATIONNAME = Claan;
				TargetAttributes = {
					3120B38D1C137FF60075D5B8 = {
						CreatedOnToolsVersion = 6.4;
					};
					3120B3A41C137FF60075D5B8 = {
						CreatedOnToolsVersion = 6.4;
						TestTargetID = 3120B38D1C137FF60075D5B8;
					};
				};
			};
			buildConfigurationList = 3120B3891C137FF60075D5B8 /* Build configuration list for PBXProject "blueprint" */;
			compatibilityVersion = "Xcode 3.2";
			developmentRegion = English;
			hasScannedForEncodings = 0;
			knownRegions = (
				en,
				Base,
			);
			mainGroup = 3120B3851C137FF60075D5B8;
			productRefGroup = 3120B38F1C137FF60075D5B8 /* Products */;
			projectDirPath = "";
			projectRoot = "";
			targets = (
				3120B38D1C137FF60075D5B8 /* blueprint */,
				3120B3A41C137FF60075D5B8 /* blueprintTests */,
			);
		};
/* End PBXProject section */

/* Begin PBXResourcesBuildPhase section */
		3120B38C1C137FF60075D5B8 /* Resources */ = {
			isa = PBXResourcesBuildPhase;
			buildActionMask = 2147483647;
			files = (
				3120B39B1C137FF60075D5B8 /* Main.storyboard in Resources */,
				3120B3A01C137FF60075D5B8 /* LaunchScreen.xib in Resources */,
				3120B39D1C137FF60075D5B8 /* Images.xcassets in Resources */,
			);
			runOnlyForDeploymentPostprocessing = 0;
		};
		3120B3A31C137FF60075D5B8 /* Resources */ = {
			isa = PBXResourcesBuildPhase;
			buildActionMask = 2147483647;
			files = (
			);
			runOnlyForDeploymentPostprocessing = 0;
		};
/* End PBXResourcesBuildPhase section */

/* Begin PBXSourcesBuildPhase section */
		3120B38A1C137FF60075D5B8 /* Sources */ = {
			isa = PBXSourcesBuildPhase;
			buildActionMask = 2147483647;
			files = (
				3120B3981C137FF60075D5B8 /* SecondViewController.swift in Sources */,
				3120B3941C137FF60075D5B8 /* AppDelegate.swift in Sources */,
				3120B3961C137FF60075D5B8 /* FirstViewController.swift in Sources */,
			);
			runOnlyForDeploymentPostprocessing = 0;
		};
		3120B3A11C137FF60075D5B8 /* Sources */ = {
			isa = PBXSourcesBuildPhase;
			buildActionMask = 2147483647;
			files = (
				3120B3AC1C137FF60075D5B8 /* blueprintTests.swift in Sources */,
			);
			runOnlyForDeploymentPostprocessing = 0;
		};
/* End PBXSourcesBuildPhase section */

/* Begin PBXTargetDependency section */
		3120B3A71C137FF60075D5B8 /* PBXTargetDependency */ = {
			isa = PBXTargetDependency;
			target = 3120B38D1C137FF60075D5B8 /* blueprint */;
			targetProxy = 3120B3A61C137FF60075D5B8 /* PBXContainerItemProxy */;
		};
/* End PBXTargetDependency section */

/* Begin PBXVariantGroup section */
		3120B3991C137FF60075D5B8 /* Main.storyboard */ = {
			isa = PBXVariantGroup;
			children = (
				3120B39A1C137FF60075D5B8 /* Base */,
			);
			name = Main.storyboard;
			sourceTree = "<group>";
		};
		3120B39E1C137FF60075D5B8 /* LaunchScreen.xib */ = {
			isa = PBXVariantGroup;
			children = (
				3120B39F1C137FF60075D5B8 /* Base */,
			);
			name = LaunchScreen.xib;
			sourceTree = "<group>";
		};
/* End PBXVariantGroup section */

/* Begin XCBuildConfiguration section */
		3120B3AD1C137FF60075D5B8 /* Debug */ = {
			isa = XCBuildConfiguration;
			buildSettings = {
				ALWAYS_SEARCH_USER_PATHS = NO;
				CLANG_CXX_LANGUAGE_STANDARD = "gnu++0x";
				CLANG_CXX_LIBRARY = "libc++";
				CLANG_ENABLE_MODULES = YES;
				CLANG_ENABLE_OBJC_ARC = YES;
				CLANG_WARN_BOOL_CONVERSION = YES;
				CLANG_WARN_CONSTANT_CONVERSION = YES;
				CLANG_WARN_DIRECT_OBJC_ISA_USAGE = YES_ERROR;
				CLANG_WARN_EMPTY_BODY = YES;
				CLANG_WARN_ENUM_CONVERSION = YES;
				CLANG_WARN_INT_CONVERSION = YES;
				CLANG_WARN_OBJC_ROOT_CLASS = YES_ERROR;
				CLANG_WARN_UNREACHABLE_CODE = YES;
				CLANG_WARN__DUPLICATE_METHOD_MATCH = YES;
				"CODE_SIGN_IDENTITY[sdk=iphoneos*]" = "iPhone Developer";
				COPY_PHASE_STRIP = NO;
				DEBUG_INFORMATION_FORMAT = "dwarf-with-dsym";
				ENABLE_STRICT_OBJC_MSGSEND = YES;
				GCC_C_LANGUAGE_STANDARD = gnu99;
				GCC_DYNAMIC_NO_PIC = NO;
				GCC_NO_COMMON_BLOCKS = YES;
				GCC_OPTIMIZATION_LEVEL = 0;
				GCC_PREPROCESSOR_DEFINITIONS = (
					"DEBUG=1",
					"$(inherited)",
				);
				GCC_SYMBOLS_PRIVATE_EXTERN = NO;
				GCC_WARN_64_TO_32_BIT_CONVERSION = YES;
				GCC_WARN_ABOUT_RETURN_TYPE = YES_ERROR;
				GCC_WARN_UNDECLARED_SELECTOR = YES;
				GCC_WARN_UNINITIALIZED_AUTOS = YES_AGGRESSIVE;
				GCC_WARN_UNUSED_FUNCTION = YES;
				GCC_WARN_UNUSED_VARIABLE = YES;
				IPHONEOS_DEPLOYMENT_TARGET = 8.4;
				MTL_ENABLE_DEBUG_INFO = YES;
				ONLY_ACTIVE_ARCH = YES;
				SDKROOT = iphoneos;
				SWIFT_OPTIMIZATION_LEVEL = "-Onone";
			};
			name = Debug;
		};
		3120B3AE1C137FF60075D5B8 /* Release */ = {
			isa = XCBuildConfiguration;
			buildSettings = {
				ALWAYS_SEARCH_USER_PATHS = NO;
				CLANG_CXX_LANGUAGE_STANDARD = "gnu++0x";
				CLANG_CXX_LIBRARY = "libc++";
				CLANG_ENABLE_MODULES = YES;
				CLANG_ENABLE_OBJC_ARC = YES;
				CLANG_WARN_BOOL_CONVERSION = YES;
				CLANG_WARN_CONSTANT_CONVERSION = YES;
				CLANG_WARN_DIRECT_OBJC_ISA_USAGE = YES_ERROR;
				CLANG_WARN_EMPTY_BODY = YES;
				CLANG_WARN_ENUM_CONVERSION = YES;
				CLANG_WARN_INT_CONVERSION = YES;
				CLANG_WARN_OBJC_ROOT_CLASS = YES_ERROR;
				CLANG_WARN_UNREACHABLE_CODE = YES;
				CLANG_WARN__DUPLICATE_METHOD_MATCH = YES;
				"CODE_SIGN_IDENTITY[sdk=iphoneos*]" = "iPhone Developer";
				COPY_PHASE_STRIP = NO;
				DEBUG_INFORMATION_FORMAT = "dwarf-with-dsym";
				ENABLE_NS_ASSERTIONS = NO;
				ENABLE_STRICT_OBJC_MSGSEND = YES;
				GCC_C_LANGUAGE_STANDARD = gnu99;
				GCC_NO_COMMON_BLOCKS = YES;
				GCC_WARN_64_TO_32_BIT_CONVERSION = YES;
				GCC_WARN_ABOUT_RETURN_TYPE = YES_ERROR;
				GCC_WARN_UNDECLARED_SELECTOR = YES;
				GCC_WARN_UNINITIALIZED_AUTOS = YES_AGGRESSIVE;
				GCC_WARN_UNUSED_FUNCTION = YES;
				GCC_WARN_UNUSED_VARIABLE = YES;
				IPHONEOS_DEPLOYMENT_TARGET = 8.4;
				MTL_ENABLE_DEBUG_INFO = NO;
				SDKROOT = iphoneos;
				VALIDATE_PRODUCT = YES;
			};
			name = Release;
		};
		3120B3B01C137FF60075D5B8 /* Debug */ = {
			isa = XCBuildConfiguration;
			buildSettings = {
				ASSETCATALOG_COMPILER_APPICON_NAME = AppIcon;
				INFOPLIST_FILE = blueprint/Info.plist;
				LD_RUNPATH_SEARCH_PATHS = "$(inherited) @executable_path/Frameworks";
				PRODUCT_NAME = "$(TARGET_NAME)";
			};
			name = Debug;
		};
		3120B3B11C137FF60075D5B8 /* Release */ = {
			isa = XCBuildConfiguration;
			buildSettings = {
				ASSETCATALOG_COMPILER_APPICON_NAME = AppIcon;
				INFOPLIST_FILE = blueprint/Info.plist;
				LD_RUNPATH_SEARCH_PATHS = "$(inherited) @executable_path/Frameworks";
				PRODUCT_NAME = "$(TARGET_NAME)";
			};
			name = Release;
		};
		3120B3B31C137FF60075D5B8 /* Debug */ = {
			isa = XCBuildConfiguration;
			buildSettings = {
				BUNDLE_LOADER = "$(TEST_HOST)";
				FRAMEWORK_SEARCH_PATHS = (
					"$(SDKROOT)/Developer/Library/Frameworks",
					"$(inherited)",
				);
				GCC_PREPROCESSOR_DEFINITIONS = (
					"DEBUG=1",
					"$(inherited)",
				);
				INFOPLIST_FILE = blueprintTests/Info.plist;
				LD_RUNPATH_SEARCH_PATHS = "$(inherited) @executable_path/Frameworks @loader_path/Frameworks";
				PRODUCT_NAME = "$(TARGET_NAME)";
				TEST_HOST = "$(BUILT_PRODUCTS_DIR)/blueprint.app/blueprint";
			};
			name = Debug;
		};
		3120B3B41C137FF60075D5B8 /* Release */ = {
			isa = XCBuildConfiguration;
			buildSettings = {
				BUNDLE_LOADER = "$(TEST_HOST)";
				FRAMEWORK_SEARCH_PATHS = (
					"$(SDKROOT)/Developer/Library/Frameworks",
					"$(inherited)",
				);
				INFOPLIST_FILE = blueprintTests/Info.plist;
				LD_RUNPATH_SEARCH_PATHS = "$(inherited) @executable_path/Frameworks @loader_path/Frameworks";
				PRODUCT_NAME = "$(TARGET_NAME)";
				TEST_HOST = "$(BUILT_PRODUCTS_DIR)/blueprint.app/blueprint";
			};
			name = Release;
		};
/* End XCBuildConfiguration section */

/* Begin XCConfigurationList section */
		3120B3891C137FF60075D5B8 /* Build configuration list for PBXProject "blueprint" */ = {
			isa = XCConfigurationList;
			buildConfigurations = (
				3120B3AD1C137FF60075D5B8 /* Debug */,
				3120B3AE1C137FF60075D5B8 /* Release */,
			);
			defaultConfigurationIsVisible = 0;
			defaultConfigurationName = Release;
		};
		3120B3AF1C137FF60075D5B8 /* Build configuration list for PBXNativeTarget "blueprint" */ = {
			isa = XCConfigurationList;
			buildConfigurations = (
				3120B3B01C137FF60075D5B8 /* Debug */,
				3120B3B11C137FF60075D5B8 /* Release */,
			);
			defaultConfigurationIsVisible = 0;
			defaultConfigurationName = Release;
		};
		3120B3B21C137FF60075D5B8 /* Build configuration list for PBXNativeTarget "blueprintTests" */ = {
			isa = XCConfigurationList;
			buildConfigurations = (
				3120B3B31C137FF60075D5B8 /* Debug */,
				3120B3B41C137FF60075D5B8 /* Release */,
			);
			defaultConfigurationIsVisible = 0;
			defaultConfigurationName = Release;
		};
/* End XCConfigurationList section */
	};
	rootObject = 3120B3861C137FF60075D5B8 /* Project object */;
}
